// !$*UTF8*$!
{
	archiveVersion = 1;
	classes = {
	};
	objectVersion = 77;
	objects = {

/* Begin PBXContainerItemProxy section */
		1BE7AD3B2FC2E9D300CBBB82 /* PBXContainerItemProxy */ = {
			isa = PBXContainerItemProxy;
			containerPortal = 1BE7AD252FC2E9CF00CBBB82 /* Project object */;
			proxyType = 1;
			remoteGlobalIDString = 1BE7AD2C2FC2E9CF00CBBB82;
			remoteInfo = sellsomething;
		};
		1BE7AD452FC2E9D300CBBB82 /* PBXContainerItemProxy */ = {
			isa = PBXContainerItemProxy;
			containerPortal = 1BE7AD252FC2E9CF00CBBB82 /* Project object */;
			proxyType = 1;
			remoteGlobalIDString = 1BE7AD2C2FC2E9CF00CBBB82;
			remoteInfo = sellsomething;
		};
/* End PBXContainerItemProxy section */

/* Begin PBXFileReference section */
		1BE7AD2D2FC2E9CF00CBBB82 /* sellsomething.app */ = {isa = PBXFileReference; explicitFileType = wrapper.application; includeInIndex = 0; path = sellsomething.app; sourceTree = BUILT_PRODUCTS_DIR; };
		1BE7AD3A2FC2E9D300CBBB82 /* sellsomethingTests.xctest */ = {isa = PBXFileReference; explicitFileType = wrapper.cfbundle; includeInIndex = 0; path = sellsomethingTests.xctest; sourceTree = BUILT_PRODUCTS_DIR; };
		1BE7AD442FC2E9D300CBBB82 /* sellsomethingUITests.xctest */ = {isa = PBXFileReference; explicitFileType = wrapper.cfbundle; includeInIndex = 0; path = sellsomethingUITests.xctest; sourceTree = BUILT_PRODUCTS_DIR; };
/* End PBXFileReference section */

/* Begin PBXFileSystemSynchronizedRootGroup section */
		1BE7AD2F2FC2E9CF00CBBB82 /* sellsomething */ = {
			isa = PBXFileSystemSynchronizedRootGroup;
			path = sellsomething;
			sourceTree = "<group>";
		};
		1BE7AD3D2FC2E9D300CBBB82 /* sellsomethingTests */ = {
			isa = PBXFileSystemSynchronizedRootGroup;
			path = sellsomethingTests;
			sourceTree = "<group>";
		};
		1BE7AD472FC2E9D300CBBB82 /* sellsomethingUITests */ = {
			isa = PBXFileSystemSynchronizedRootGroup;
			path = sellsomethingUITests;
			sourceTree = "<group>";
		};
/* End PBXFileSystemSynchronizedRootGroup section */

/* Begin PBXFrameworksBuildPhase section */
		1BE7AD2A2FC2E9CF00CBBB82 /* Frameworks */ = {
			isa = PBXFrameworksBuildPhase;
			buildActionMask = 2147483647;
			files = (
			);
			runOnlyForDeploymentPostprocessing = 0;
		};
		1BE7AD372FC2E9D300CBBB82 /* Frameworks */ = {
			isa = PBXFrameworksBuildPhase;
			buildActionMask = 2147483647;
			files = (
			);
			runOnlyForDeploymentPostprocessing = 0;
		};
		1BE7AD412FC2E9D300CBBB82 /* Frameworks */ = {
			isa = PBXFrameworksBuildPhase;
			buildActionMask = 2147483647;
			files = (
			);
			runOnlyForDeploymentPostprocessing = 0;
		};
/* End PBXFrameworksBuildPhase section */

/* Begin PBXGroup section */
		1BE7AD242FC2E9CF00CBBB82 = {
			isa = PBXGroup;
			children = (
				1BE7AD2F2FC2E9CF00CBBB82 /* sellsomething */,
				1BE7AD3D2FC2E9D300CBBB82 /* sellsomethingTests */,
				1BE7AD472FC2E9D300CBBB82 /* sellsomethingUITests */,
				1BE7AD2E2FC2E9CF00CBBB82 /* Products */,
			);
			sourceTree = "<group>";
		};
		1BE7AD2E2FC2E9CF00CBBB82 /* Products */ = {
			isa = PBXGroup;
			children = (
				1BE7AD2D2FC2E9CF00CBBB82 /* sellsomething.app */,
				1BE7AD3A2FC2E9D300CBBB82 /* sellsomethingTests.xctest */,
				1BE7AD442FC2E9D300CBBB82 /* sellsomethingUITests.xctest */,
			);
			name = Products;
			sourceTree = "<group>";
		};
/* End PBXGroup section */

/* Begin PBXNativeTarget section */
		1BE7AD2C2FC2E9CF00CBBB82 /* sellsomething */ = {
			isa = PBXNativeTarget;
			buildConfigurationList = 1BE7AD4E2FC2E9D300CBBB82 /* Build configuration list for PBXNativeTarget "sellsomething" */;
			buildPhases = (
				1BE7AD292FC2E9CF00CBBB82 /* Sources */,
				1BE7AD2A2FC2E9CF00CBBB82 /* Frameworks */,
				1BE7AD2B2FC2E9CF00CBBB82 /* Resources */,
			);
			buildRules = (
			);
			dependencies = (
			);
			fileSystemSynchronizedGroups = (
				1BE7AD2F2FC2E9CF00CBBB82 /* sellsomething */,
			);
			name = sellsomething;
			packageProductDependencies = (
			);
			productName = sellsomething;
			productReference = 1BE7AD2D2FC2E9CF00CBBB82 /* sellsomething.app */;
			productType = "com.apple.product-type.application";
		};
		1BE7AD392FC2E9D300CBBB82 /* sellsomethingTests */ = {
			isa = PBXNativeTarget;
			buildConfigurationList = 1BE7AD512FC2E9D300CBBB82 /* Build configuration list for PBXNativeTarget "sellsomethingTests" */;
			buildPhases = (
				1BE7AD362FC2E9D300CBBB82 /* Sources */,
				1BE7AD372FC2E9D300CBBB82 /* Frameworks */,
				1BE7AD382FC2E9D300CBBB82 /* Resources */,
			);
			buildRules = (
			);
			dependencies = (
				1BE7AD3C2FC2E9D300CBBB82 /* PBXTargetDependency */,
			);
			fileSystemSynchronizedGroups = (
				1BE7AD3D2FC2E9D300CBBB82 /* sellsomethingTests */,
			);
			name = sellsomethingTests;
			packageProductDependencies = (
			);
			productName = sellsomethingTests;
			productReference = 1BE7AD3A2FC2E9D300CBBB82 /* sellsomethingTests.xctest */;
			productType = "com.apple.product-type.bundle.unit-test";
		};
		1BE7AD432FC2E9D300CBBB82 /* sellsomethingUITests */ = {
			isa = PBXNativeTarget;
			buildConfigurationList = 1BE7AD542FC2E9D300CBBB82 /* Build configuration list for PBXNativeTarget "sellsomethingUITests" */;
			buildPhases = (
				1BE7AD402FC2E9D300CBBB82 /* Sources */,
				1BE7AD412FC2E9D300CBBB82 /* Frameworks */,
				1BE7AD422FC2E9D300CBBB82 /* Resources */,
			);
			buildRules = (
			);
			dependencies = (
				1BE7AD462FC2E9D300CBBB82 /* PBXTargetDependency */,
			);
			fileSystemSynchronizedGroups = (
				1BE7AD472FC2E9D300CBBB82 /* sellsomethingUITests */,
			);
			name = sellsomethingUITests;
			packageProductDependencies = (
			);
			productName = sellsomethingUITests;
			productReference = 1BE7AD442FC2E9D300CBBB82 /* sellsomethingUITests.xctest */;
			productType = "com.apple.product-type.bundle.ui-testing";
		};
/* End PBXNativeTarget section */

/* Begin PBXProject section */
		1BE7AD252FC2E9CF00CBBB82 /* Project object */ = {
			isa = PBXProject;
			attributes = {
				BuildIndependentTargetsInParallel = 1;
				LastSwiftUpdateCheck = 2610;
				LastUpgradeCheck = 2610;
				TargetAttributes = {
					1BE7AD2C2FC2E9CF00CBBB82 = {
						CreatedOnToolsVersion = 26.1.1;
					};
					1BE7AD392FC2E9D300CBBB82 = {
						CreatedOnToolsVersion = 26.1.1;
						TestTargetID = 1BE7AD2C2FC2E9CF00CBBB82;
					};
					1BE7AD432FC2E9D300CBBB82 = {
						CreatedOnToolsVersion = 26.1.1;
						TestTargetID = 1BE7AD2C2FC2E9CF00CBBB82;
					};
				};
			};
			buildConfigurationList = 1BE7AD282FC2E9CF00CBBB82 /* Build configuration list for PBXProject "sellsomething" */;
			developmentRegion = en;
			hasScannedForEncodings = 0;
			knownRegions = (
				en,
				Base,
			);
			mainGroup = 1BE7AD242FC2E9CF00CBBB82;
			minimizedProjectReferenceProxies = 1;
			preferredProjectObjectVersion = 77;
			productRefGroup = 1BE7AD2E2FC2E9CF00CBBB82 /* Products */;
			projectDirPath = "";
			projectRoot = "";
			targets = (
				1BE7AD2C2FC2E9CF00CBBB82 /* sellsomething */,
				1BE7AD392FC2E9D300CBBB82 /* sellsomethingTests */,
				1BE7AD432FC2E9D300CBBB82 /* sellsomethingUITests */,
			);
		};
/* End PBXProject section */

/* Begin PBXResourcesBuildPhase section */
		1BE7AD2B2FC2E9CF00CBBB82 /* Resources */ = {
			isa = PBXResourcesBuildPhase;
			buildActionMask = 2147483647;
			files = (
			);
			runOnlyForDeploymentPostprocessing = 0;
		};
		1BE7AD382FC2E9D300CBBB82 /* Resources */ = {
			isa = PBXResourcesBuildPhase;
			buildActionMask = 2147483647;
			files = (
			);
			runOnlyForDeploymentPostprocessing = 0;
		};
		1BE7AD422FC2E9D300CBBB82 /* Resources */ = {
			isa = PBXResourcesBuildPhase;
			buildActionMask = 2147483647;
			files = (
			);
			runOnlyForDeploymentPostprocessing = 0;
		};
/* End PBXResourcesBuildPhase section */

/* Begin PBXSourcesBuildPhase section */
		1BE7AD292FC2E9CF00CBBB82 /* Sources */ = {
			isa = PBXSourcesBuildPhase;
			buildActionMask = 2147483647;
			files = (
			);
			runOnlyForDeploymentPostprocessing = 0;
		};
		1BE7AD362FC2E9D300CBBB82 /* Sources */ = {
			isa = PBXSourcesBuildPhase;
			buildActionMask = 2147483647;
			files = (
			);
			runOnlyForDeploymentPostprocessing = 0;
		};
		1BE7AD402FC2E9D300CBBB82 /* Sources */ = {
			isa = PBXSourcesBuildPhase;
			buildActionMask = 2147483647;
			files = (
			);
			runOnlyForDeploymentPostprocessing = 0;
		};
/* End PBXSourcesBuildPhase section */

/* Begin PBXTargetDependency section */
		1BE7AD3C2FC2E9D300CBBB82 /* PBXTargetDependency */ = {
			isa = PBXTargetDependency;
			target = 1BE7AD2C2FC2E9CF00CBBB82 /* sellsomething */;
			targetProxy = 1BE7AD3B2FC2E9D300CBBB82 /* PBXContainerItemProxy */;
		};
		1BE7AD462FC2E9D300CBBB82 /* PBXTargetDependency */ = {
			isa = PBXTargetDependency;
			target = 1BE7AD2C2FC2E9CF00CBBB82 /* sellsomething */;
			targetProxy = 1BE7AD452FC2E9D300CBBB82 /* PBXContainerItemProxy */;
		};
/* End PBXTargetDependency section */

/* Begin XCBuildConfiguration section */
		1BE7AD4C2FC2E9D300CBBB82 /* Debug */ = {
			isa = XCBuildConfiguration;
			buildSettings = {
				ALWAYS_SEARCH_USER_PATHS = NO;
				ASSETCATALOG_COMPILER_GENERATE_SWIFT_ASSET_SYMBOL_EXTENSIONS = YES;
				CLANG_ANALYZER_NONNULL = YES;
				CLANG_ANALYZER_NUMBER_OBJECT_CONVERSION = YES_AGGRESSIVE;
				CLANG_CXX_LANGUAGE_STANDARD = "gnu++20";
				CLANG_ENABLE_MODULES = YES;
				CLANG_ENABLE_OBJC_ARC = YES;
				CLANG_ENABLE_OBJC_WEAK = YES;
				CLANG_WARN_BLOCK_CAPTURE_AUTORELEASING = YES;
				CLANG_WARN_BOOL_CONVERSION = YES;
				CLANG_WARN_COMMA = YES;
				CLANG_WARN_CONSTANT_CONVERSION = YES;
				CLANG_WARN_DEPRECATED_OBJC_IMPLEMENTATIONS = YES;
				CLANG_WARN_DIRECT_OBJC_ISA_USAGE = YES_ERROR;
				CLANG_WARN_DOCUMENTATION_COMMENTS = YES;
				CLANG_WARN_EMPTY_BODY = YES;
				CLANG_WARN_ENUM_CONVERSION = YES;
				CLANG_WARN_INFINITE_RECURSION = YES;
				CLANG_WARN_INT_CONVERSION = YES;
				CLANG_WARN_NON_LITERAL_NULL_CONVERSION = YES;
				CLANG_WARN_OBJC_IMPLICIT_RETAIN_SELF = YES;
				CLANG_WARN_OBJC_LITERAL_CONVERSION = YES;
				CLANG_WARN_OBJC_ROOT_CLASS = YES_ERROR;
				CLANG_WARN_QUOTED_INCLUDE_IN_FRAMEWORK_HEADER = YES;
				CLANG_WARN_RANGE_LOOP_ANALYSIS = YES;
				CLANG_WARN_STRICT_PROTOTYPES = YES;
				CLANG_WARN_SUSPICIOUS_MOVE = YES;
				CLANG_WARN_UNGUARDED_AVAILABILITY = YES_AGGRESSIVE;
				CLANG_WARN_UNREACHABLE_CODE = YES;
				CLANG_WARN__DUPLICATE_METHOD_MATCH = YES;
				COPY_PHASE_STRIP = NO;
				DEBUG_INFORMATION_FORMAT = dwarf;
				DEVELOPMENT_TEAM = PTBDYCDT67;
				ENABLE_STRICT_OBJC_MSGSEND = YES;
				ENABLE_TESTABILITY = YES;
				ENABLE_USER_SCRIPT_SANDBOXING = YES;
				GCC_C_LANGUAGE_STANDARD = gnu17;
				GCC_DYNAMIC_NO_PIC = NO;
				GCC_NO_COMMON_BLOCKS = YES;
				GCC_OPTIMIZATION_LEVEL = 0;
				GCC_PREPROCESSOR_DEFINITIONS = (
					"DEBUG=1",
					"$(inherited)",
				);
				GCC_WARN_64_TO_32_BIT_CONVERSION = YES;
				GCC_WARN_ABOUT_RETURN_TYPE = YES_ERROR;
				GCC_WARN_UNDECLARED_SELECTOR = YES;
				GCC_WARN_UNINITIALIZED_AUTOS = YES_AGGRESSIVE;
				GCC_WARN_UNUSED_FUNCTION = YES;
				GCC_WARN_UNUSED_VARIABLE = YES;
				IPHONEOS_DEPLOYMENT_TARGET = 26.1;
				LOCALIZATION_PREFERS_STRING_CATALOGS = YES;
				MTL_ENABLE_DEBUG_INFO = INCLUDE_SOURCE;
				MTL_FAST_MATH = YES;
				ONLY_ACTIVE_ARCH = YES;
				SDKROOT = iphoneos;
				SWIFT_ACTIVE_COMPILATION_CONDITIONS = "DEBUG $(inherited)";
				SWIFT_OPTIMIZATION_LEVEL = "-Onone";
			};
			name = Debug;
		};
		1BE7AD4D2FC2E9D300CBBB82 /* Release */ = {
			isa = XCBuildConfiguration;
			buildSettings = {
				ALWAYS_SEARCH_USER_PATHS = NO;
				ASSETCATALOG_COMPILER_GENERATE_SWIFT_ASSET_SYMBOL_EXTENSIONS = YES;
				CLANG_ANALYZER_NONNULL = YES;
				CLANG_ANALYZER_NUMBER_OBJECT_CONVERSION = YES_AGGRESSIVE;
				CLANG_CXX_LANGUAGE_STANDARD = "gnu++20";
				CLANG_ENABLE_MODULES = YES;
				CLANG_ENABLE_OBJC_ARC = YES;
				CLANG_ENABLE_OBJC_WEAK = YES;
				CLANG_WARN_BLOCK_CAPTURE_AUTORELEASING = YES;
				CLANG_WARN_BOOL_CONVERSION = YES;
				CLANG_WARN_COMMA = YES;
				CLANG_WARN_CONSTANT_CONVERSION = YES;
				CLANG_WARN_DEPRECATED_OBJC_IMPLEMENTATIONS = YES;
				CLANG_WARN_DIRECT_OBJC_ISA_USAGE = YES_ERROR;
				CLANG_WARN_DOCUMENTATION_COMMENTS = YES;
				CLANG_WARN_EMPTY_BODY = YES;
				CLANG_WARN_ENUM_CONVERSION = YES;
				CLANG_WARN_INFINITE_RECURSION = YES;
				CLANG_WARN_INT_CONVERSION = YES;
				CLANG_WARN_NON_LITERAL_NULL_CONVERSION = YES;
				CLANG_WARN_OBJC_IMPLICIT_RETAIN_SELF = YES;
				CLANG_WARN_OBJC_LITERAL_CONVERSION = YES;
				CLANG_WARN_OBJC_ROOT_CLASS = YES_ERROR;
				CLANG_WARN_QUOTED_INCLUDE_IN_FRAMEWORK_HEADER = YES;
				CLANG_WARN_RANGE_LOOP_ANALYSIS = YES;
				CLANG_WARN_STRICT_PROTOTYPES = YES;
				CLANG_WARN_SUSPICIOUS_MOVE = YES;
				CLANG_WARN_UNGUARDED_AVAILABILITY = YES_AGGRESSIVE;
				CLANG_WARN_UNREACHABLE_CODE = YES;
				CLANG_WARN__DUPLICATE_METHOD_MATCH = YES;
				COPY_PHASE_STRIP = NO;
				DEBUG_INFORMATION_FORMAT = "dwarf-with-dsym";
				DEVELOPMENT_TEAM = PTBDYCDT67;
				ENABLE_NS_ASSERTIONS = NO;
				ENABLE_STRICT_OBJC_MSGSEND = YES;
				ENABLE_USER_SCRIPT_SANDBOXING = YES;
				GCC_C_LANGUAGE_STANDARD = gnu17;
				GCC_NO_COMMON_BLOCKS = YES;
				GCC_WARN_64_TO_32_BIT_CONVERSION = YES;
				GCC_WARN_ABOUT_RETURN_TYPE = YES_ERROR;
				GCC_WARN_UNDECLARED_SELECTOR = YES;
				GCC_WARN_UNINITIALIZED_AUTOS = YES_AGGRESSIVE;
				GCC_WARN_UNUSED_FUNCTION = YES;
				GCC_WARN_UNUSED_VARIABLE = YES;
				IPHONEOS_DEPLOYMENT_TARGET = 26.1;
				LOCALIZATION_PREFERS_STRING_CATALOGS = YES;
				MTL_ENABLE_DEBUG_INFO = NO;
				MTL_FAST_MATH = YES;
				SDKROOT = iphoneos;
				SWIFT_COMPILATION_MODE = wholemodule;
				VALIDATE_PRODUCT = YES;
			};
			name = Release;
		};
		1BE7AD4F2FC2E9D300CBBB82 /* Debug */ = {
			isa = XCBuildConfiguration;
			buildSettings = {
				ASSETCATALOG_COMPILER_APPICON_NAME = AppIcon;
				ASSETCATALOG_COMPILER_GLOBAL_ACCENT_COLOR_NAME = AccentColor;
				CODE_SIGN_STYLE = Automatic;
				CURRENT_PROJECT_VERSION = 1;
				DEVELOPMENT_TEAM = PTBDYCDT67;
				ENABLE_PREVIEWS = YES;
				GENERATE_INFOPLIST_FILE = YES;
				INFOPLIST_KEY_NSAppTransportSecurity_NSAllowsArbitraryLoads = YES;
				INFOPLIST_KEY_UIApplicationSceneManifest_Generation = YES;
				INFOPLIST_KEY_UIApplicationSupportsIndirectInputEvents = YES;
				INFOPLIST_KEY_UILaunchScreen_Generation = YES;
				INFOPLIST_KEY_UISupportedInterfaceOrientations_iPad = "UIInterfaceOrientationPortrait UIInterfaceOrientationPortraitUpsideDown UIInterfaceOrientationLandscapeLeft UIInterfaceOrientationLandscapeRight";
				INFOPLIST_KEY_UISupportedInterfaceOrientations_iPhone = "UIInterfaceOrientationPortrait UIInterfaceOrientationLandscapeLeft UIInterfaceOrientationLandscapeRight";
				LD_RUNPATH_SEARCH_PATHS = (
					"$(inherited)",
					"@executable_path/Frameworks",
				);
				MARKETING_VERSION = 1.0;
				PRODUCT_BUNDLE_IDENTIFIER = app.sellsomething;
				PRODUCT_NAME = "$(TARGET_NAME)";
				STRING_CATALOG_GENERATE_SYMBOLS = YES;
				SWIFT_APPROACHABLE_CONCURRENCY = YES;
				SWIFT_DEFAULT_ACTOR_ISOLATION = MainActor;
				SWIFT_EMIT_LOC_STRINGS = YES;
				SWIFT_UPCOMING_FEATURE_MEMBER_IMPORT_VISIBILITY = YES;
				SWIFT_VERSION = 5.0;
				TARGETED_DEVICE_FAMILY = "1,2";
			};
			name = Debug;
		};
		1BE7AD502FC2E9D300CBBB82 /* Release */ = {
			isa = XCBuildConfiguration;
			buildSettings = {
				ASSETCATALOG_COMPILER_APPICON_NAME = AppIcon;
				ASSETCATALOG_COMPILER_GLOBAL_ACCENT_COLOR_NAME = AccentColor;
				CODE_SIGN_STYLE = Automatic;
				CURRENT_PROJECT_VERSION = 1;
				DEVELOPMENT_TEAM = PTBDYCDT67;
				ENABLE_PREVIEWS = YES;
				GENERATE_INFOPLIST_FILE = YES;
				INFOPLIST_KEY_NSAppTransportSecurity_NSAllowsArbitraryLoads = YES;
				INFOPLIST_KEY_UIApplicationSceneManifest_Generation = YES;
				INFOPLIST_KEY_UIApplicationSupportsIndirectInputEvents = YES;
				INFOPLIST_KEY_UILaunchScreen_Generation = YES;
				INFOPLIST_KEY_UISupportedInterfaceOrientations_iPad = "UIInterfaceOrientationPortrait UIInterfaceOrientationPortraitUpsideDown UIInterfaceOrientationLandscapeLeft UIInterfaceOrientationLandscapeRight";
				INFOPLIST_KEY_UISupportedInterfaceOrientations_iPhone = "UIInterfaceOrientationPortrait UIInterfaceOrientationLandscapeLeft UIInterfaceOrientationLandscapeRight";
				LD_RUNPATH_SEARCH_PATHS = (
					"$(inherited)",
					"@executable_path/Frameworks",
				);
				MARKETING_VERSION = 1.0;
				PRODUCT_BUNDLE_IDENTIFIER = app.sellsomething;
				PRODUCT_NAME = "$(TARGET_NAME)";
				STRING_CATALOG_GENERATE_SYMBOLS = YES;
				SWIFT_APPROACHABLE_CONCURRENCY = YES;
				SWIFT_DEFAULT_ACTOR_ISOLATION = MainActor;
				SWIFT_EMIT_LOC_STRINGS = YES;
				SWIFT_UPCOMING_FEATURE_MEMBER_IMPORT_VISIBILITY = YES;
				SWIFT_VERSION = 5.0;
				TARGETED_DEVICE_FAMILY = "1,2";
			};
			name = Release;
		};
		1BE7AD522FC2E9D300CBBB82 /* Debug */ = {
			isa = XCBuildConfiguration;
			buildSettings = {
				BUNDLE_LOADER = "$(TEST_HOST)";
				CODE_SIGN_STYLE = Automatic;
				CURRENT_PROJECT_VERSION = 1;
				DEVELOPMENT_TEAM = PTBDYCDT67;
				GENERATE_INFOPLIST_FILE = YES;
				IPHONEOS_DEPLOYMENT_TARGET = 26.1;
				MARKETING_VERSION = 1.0;
				PRODUCT_BUNDLE_IDENTIFIER = app.sellsomethingTests;
				PRODUCT_NAME = "$(TARGET_NAME)";
				STRING_CATALOG_GENERATE_SYMBOLS = NO;
				SWIFT_APPROACHABLE_CONCURRENCY = YES;
				SWIFT_EMIT_LOC_STRINGS = NO;
				SWIFT_UPCOMING_FEATURE_MEMBER_IMPORT_VISIBILITY = YES;
				SWIFT_VERSION = 5.0;
				TARGETED_DEVICE_FAMILY = "1,2";
				TEST_HOST = "$(BUILT_PRODUCTS_DIR)/sellsomething.app/$(BUNDLE_EXECUTABLE_FOLDER_PATH)/sellsomething";
			};
			name = Debug;
		};
		1BE7AD532FC2E9D300CBBB82 /* Release */ = {
			isa = XCBuildConfiguration;
			buildSettings = {
				BUNDLE_LOADER = "$(TEST_HOST)";
				CODE_SIGN_STYLE = Automatic;
				CURRENT_PROJECT_VERSION = 1;
				DEVELOPMENT_TEAM = PTBDYCDT67;
				GENERATE_INFOPLIST_FILE = YES;
				IPHONEOS_DEPLOYMENT_TARGET = 26.1;
				MARKETING_VERSION = 1.0;
				PRODUCT_BUNDLE_IDENTIFIER = app.sellsomethingTests;
				PRODUCT_NAME = "$(TARGET_NAME)";
				STRING_CATALOG_GENERATE_SYMBOLS = NO;
				SWIFT_APPROACHABLE_CONCURRENCY = YES;
				SWIFT_EMIT_LOC_STRINGS = NO;
				SWIFT_UPCOMING_FEATURE_MEMBER_IMPORT_VISIBILITY = YES;
				SWIFT_VERSION = 5.0;
				TARGETED_DEVICE_FAMILY = "1,2";
				TEST_HOST = "$(BUILT_PRODUCTS_DIR)/sellsomething.app/$(BUNDLE_EXECUTABLE_FOLDER_PATH)/sellsomething";
			};
			name = Release;
		};
		1BE7AD552FC2E9D300CBBB82 /* Debug */ = {
			isa = XCBuildConfiguration;
			buildSettings = {
				CODE_SIGN_STYLE = Automatic;
				CURRENT_PROJECT_VERSION = 1;
				DEVELOPMENT_TEAM = PTBDYCDT67;
				GENERATE_INFOPLIST_FILE = YES;
				MARKETING_VERSION = 1.0;
				PRODUCT_BUNDLE_IDENTIFIER = app.sellsomethingUITests;
				PRODUCT_NAME = "$(TARGET_NAME)";
				STRING_CATALOG_GENERATE_SYMBOLS = NO;
				SWIFT_APPROACHABLE_CONCURRENCY = YES;
				SWIFT_EMIT_LOC_STRINGS = NO;
				SWIFT_UPCOMING_FEATURE_MEMBER_IMPORT_VISIBILITY = YES;
				SWIFT_VERSION = 5.0;
				TARGETED_DEVICE_FAMILY = "1,2";
				TEST_TARGET_NAME = sellsomething;
			};
			name = Debug;
		};
		1BE7AD562FC2E9D300CBBB82 /* Release */ = {
			isa = XCBuildConfiguration;
			buildSettings = {
				CODE_SIGN_STYLE = Automatic;
				CURRENT_PROJECT_VERSION = 1;
				DEVELOPMENT_TEAM = PTBDYCDT67;
				GENERATE_INFOPLIST_FILE = YES;
				MARKETING_VERSION = 1.0;
				PRODUCT_BUNDLE_IDENTIFIER = app.sellsomethingUITests;
				PRODUCT_NAME = "$(TARGET_NAME)";
				STRING_CATALOG_GENERATE_SYMBOLS = NO;
				SWIFT_APPROACHABLE_CONCURRENCY = YES;
				SWIFT_EMIT_LOC_STRINGS = NO;
				SWIFT_UPCOMING_FEATURE_MEMBER_IMPORT_VISIBILITY = YES;
				SWIFT_VERSION = 5.0;
				TARGETED_DEVICE_FAMILY = "1,2";
				TEST_TARGET_NAME = sellsomething;
			};
			name = Release;
		};
/* End XCBuildConfiguration section */

/* Begin XCConfigurationList section */
		1BE7AD282FC2E9CF00CBBB82 /* Build configuration list for PBXProject "sellsomething" */ = {
			isa = XCConfigurationList;
			buildConfigurations = (
				1BE7AD4C2FC2E9D300CBBB82 /* Debug */,
				1BE7AD4D2FC2E9D300CBBB82 /* Release */,
			);
			defaultConfigurationIsVisible = 0;
			defaultConfigurationName = Release;
		};
		1BE7AD4E2FC2E9D300CBBB82 /* Build configuration list for PBXNativeTarget "sellsomething" */ = {
			isa = XCConfigurationList;
			buildConfigurations = (
				1BE7AD4F2FC2E9D300CBBB82 /* Debug */,
				1BE7AD502FC2E9D300CBBB82 /* Release */,
			);
			defaultConfigurationIsVisible = 0;
			defaultConfigurationName = Release;
		};
		1BE7AD512FC2E9D300CBBB82 /* Build configuration list for PBXNativeTarget "sellsomethingTests" */ = {
			isa = XCConfigurationList;
			buildConfigurations = (
				1BE7AD522FC2E9D300CBBB82 /* Debug */,
				1BE7AD532FC2E9D300CBBB82 /* Release */,
			);
			defaultConfigurationIsVisible = 0;
			defaultConfigurationName = Release;
		};
		1BE7AD542FC2E9D300CBBB82 /* Build configuration list for PBXNativeTarget "sellsomethingUITests" */ = {
			isa = XCConfigurationList;
			buildConfigurations = (
				1BE7AD552FC2E9D300CBBB82 /* Debug */,
				1BE7AD562FC2E9D300CBBB82 /* Release */,
			);
			defaultConfigurationIsVisible = 0;
			defaultConfigurationName = Release;
		};
/* End XCConfigurationList section */
	};
	rootObject = 1BE7AD252FC2E9CF00CBBB82 /* Project object */;
}
